uuid: 08ce715e-a5c2-450a-8812-8347308b5672
langcode: en
status: true
dependencies:
  module:
    - block_class
    - commerce_recent_purchase_popup
    - cpl_paragraphs
    - system
  theme:
    - diamondcbd
third_party_settings:
  block_class:
    classes: ''
id: recentpurchasepopupblock
theme: diamondcbd
region: content
weight: 0
provider: null
plugin: recent_purchase_popup_block
settings:
  id: recent_purchase_popup_block
  label: 'Recent Purchase Popup block'
  provider: commerce_recent_purchase_popup
  label_display: '0'
  delay: '10000'
  interval: '60000'
  time_to_show: '4000'
  user_info: '[profile:address:given_name] from [profile:address:locality] purchased a'
  list_size: null
  include_anon: null
  show_form: null
visibility:
  node_boolean_field:
    id: node_boolean_field
    field: '0'
    negate: false
    context_mapping: {  }
  request_path:
    id: request_path
    pages: "/user\r\n/user/*\r\n/cart\r\n/checkout/*"
    negate: true
    context_mapping: {  }
